github.com/guptarohit/asciigraph v0.5.2 h1:aG4kATuuyHQMdTi89KKVIRIcDSIHrsKIozo/UsUE5AM=
github.com/guptarohit/asciigraph v0.5.2/go.mod h1:dYl5wwK4gNsnFf9Zp+l06rFiDZ5YtXM6x7SRWZ3KGag=
github.com/tuckersGo/musthaveGo/ch16/expkg v0.0.0-20210809125204-68bca0d80b54 h1:+cJXdzhQq58OpxkjE1PCV2FODLLdTIMBbApQP9GE4d8=
github.com/tuckersGo/musthaveGo/ch16/expkg v0.0.0-20210809125204-68bca0d80b54/go.mod h1:o12FpIqEJes/Y7CWE9BJemI9VUTQBsH7t3wYlDCw3Fw=
